{
  "version": "3",
  "remote": {
    "https://edge.netlify.com/": "fd941d61d88673d5f28aab283fb86fcc50f08a3bc80ee5470498fcfa88c65cfb",
    "https://edge.netlify.com/bootstrap/config.ts": "0aa0a225d978b89e0e62cbd853701605199e7a84095e55eeb70147faf1a24803",
    "https://edge.netlify.com/bootstrap/context.ts": "f8392d0bfc4a345f0508157a9ed1a8b0ac832275e5ae6fe9301a8268fbfeb0b5",
    "https://edge.netlify.com/bootstrap/cookie.ts": "8b0baae708989ca183c6f3b4ab3d029e6abcbc2e43f93edeb0ff447b3bbc3a05",
    "https://edge.netlify.com/bootstrap/edge_function.ts": "b8253e86aa83c67341f5cfedeba5049d77fbf84dcab7eceff7566b7728ae9b39",
    "https://edge.netlify.com/bootstrap/globals/types.ts": "a92107bafea2f88f9c7f787575732436abc40e45ccc062c76093096e7c34c84b"
  },
  "workspace": {
    "packageJson": {
      "dependencies": [
        "npm:@emotion/react@^11.11.3",
        "npm:@emotion/styled@^11.11.0",
        "npm:@fluentui/react@^8.114.0",
        "npm:@mui/lab@^5.0.0-alpha.158",
        "npm:@mui/material@^5.15.2",
        "npm:@plaiceholder/next@^3.0.0",
        "npm:@prisma/client@^5.18.0",
        "npm:@reduxjs/toolkit@^2.1.0",
        "npm:@types/bcryptjs@^2.4.6",
        "npm:@types/node@^20",
        "npm:@types/nodemailer@^6.4.14",
        "npm:@types/paystack@^2.0.4",
        "npm:@types/qrcode@^1.5.5",
        "npm:@types/react-dom@^18",
        "npm:@types/react-scroll@^1.8.10",
        "npm:@types/react@^18",
        "npm:@types/uuid@^9.0.8",
        "npm:@types/ws@^8.5.10",
        "npm:autoprefixer@^10.4.19",
        "npm:axios@^1.6.2",
        "npm:bcryptjs@^2.4.3",
        "npm:canvas@^2.11.2",
        "npm:cheerio@^1.0.0",
        "npm:cloudinary@^1.41.2",
        "npm:dotenv-cli@^7.3.0",
        "npm:framer-motion@^11.2.10",
        "npm:handlebars@^4.7.8",
        "npm:moment@^2.29.4",
        "npm:next-auth@^4.24.5",
        "npm:next@^14.2.5",
        "npm:nextjs-toploader@^1.6.4",
        "npm:nodemailer@^6.9.8",
        "npm:paystack@^2.0.1",
        "npm:plaiceholder@^3.0.0",
        "npm:postcss@^8.4.38",
        "npm:prisma@^5.18.0",
        "npm:qrcode.react@^3.1.0",
        "npm:qrcode@^1.5.3",
        "npm:quill@^2.0.2",
        "npm:react-dom@^18",
        "npm:react-quill@^2.0.0",
        "npm:react-redux@^9.1.0",
        "npm:react-scroll@^1.9.0",
        "npm:react-to-print@^2.15.1",
        "npm:react@^18",
        "npm:sass@^1.69.5",
        "npm:sharp@^0.33.2",
        "npm:socket.io-client@^4.7.5",
        "npm:socket.io@^4.7.5",
        "npm:sonner@^1.4.3",
        "npm:tailwindcss@^3.4.4",
        "npm:typescript@^5",
        "npm:uuid@^9.0.1",
        "npm:ws@^8.17.0"
      ]
    }
  }
}
